
Microsoft Visual Studio Solution File, Format Version 12.00
# Visual Studio Version 17
VisualStudioVersion = 17.1.32414.318
MinimumVisualStudioVersion = 10.0.40219.1
Project("{9A19103F-16F7-4668-BE54-9A1E7A4F7556}") = "1_UebungVerzweigungen", "1_UebungVerzweigungen\1_UebungVerzweigungen.csproj", "{DF3C3D19-12C4-4C71-BC49-AB4A5368D4B9}"
EndProject
Project("{FAE04EC0-301F-11D3-BF4B-00C04F79EFBC}") = "2.KA_Uebungen", "2.KA_Uebungen\2.KA_Uebungen.csproj", "{1B63968C-8C3C-4846-AB93-BC9380D1F286}"
EndProject
Global
	GlobalSection(SolutionConfigurationPlatforms) = preSolution
		Debug|Any CPU = Debug|Any CPU
		Release|Any CPU = Release|Any CPU
	EndGlobalSection
	GlobalSection(ProjectConfigurationPlatforms) = postSolution
		{DF3C3D19-12C4-4C71-BC49-AB4A5368D4B9}.Debug|Any CPU.ActiveCfg = Debug|Any CPU
		{DF3C3D19-12C4-4C71-BC49-AB4A5368D4B9}.Debug|Any CPU.Build.0 = Debug|Any CPU
		{DF3C3D19-12C4-4C71-BC49-AB4A5368D4B9}.Release|Any CPU.ActiveCfg = Release|Any CPU
		{DF3C3D19-12C4-4C71-BC49-AB4A5368D4B9}.Release|Any CPU.Build.0 = Release|Any CPU
		{1B63968C-8C3C-4846-AB93-BC9380D1F286}.Debug|Any CPU.ActiveCfg = Debug|Any CPU
		{1B63968C-8C3C-4846-AB93-BC9380D1F286}.Debug|Any CPU.Build.0 = Debug|Any CPU
		{1B63968C-8C3C-4846-AB93-BC9380D1F286}.Release|Any CPU.ActiveCfg = Release|Any CPU
		{1B63968C-8C3C-4846-AB93-BC9380D1F286}.Release|Any CPU.Build.0 = Release|Any CPU
	EndGlobalSection
	GlobalSection(SolutionProperties) = preSolution
		HideSolutionNode = FALSE
	EndGlobalSection
	GlobalSection(ExtensibilityGlobals) = postSolution
		SolutionGuid = {7B8E0518-806B-43AF-95E0-D9344780E4C2}
	EndGlobalSection
EndGlobal
